{
  "name": "lighters",
  "requires": true,
  "lockfileVersion": 1,
  "dependencies": {
    "jquery": {
      "version": "1.12.4",
      "resolved": "https://registry.npmjs.org/jquery/-/jquery-1.12.4.tgz",
      "integrity": "sha1-AeHfuikP5z3rp3zurLD5ui/sngw="
    },
    "tui-calendar": {
      "version": "1.6.0",
      "resolved": "https://registry.npmjs.org/tui-calendar/-/tui-calendar-1.6.0.tgz",
      "integrity": "sha512-MNbf6IScfJ2dtQTcWGZDhzhxQc31TiB8x12uAclhka7qXb1OeumVruNSvRZvkwxXsHyiljtdcJMvqdDNn47VgA==",
      "requires": {
        "tui-code-snippet": "^1.4.0",
        "tui-date-picker": "~3.0.0",
        "tui-time-picker": "^1.4.0"
      }
    },
    "tui-code-snippet": {
      "version": "1.4.0",
      "resolved": "https://registry.npmjs.org/tui-code-snippet/-/tui-code-snippet-1.4.0.tgz",
      "integrity": "sha1-sJu45iHjgq8jAkNj1XY/m+REErQ="
    },
    "tui-date-picker": {
      "version": "3.0.0",
      "resolved": "https://registry.npmjs.org/tui-date-picker/-/tui-date-picker-3.0.0.tgz",
      "integrity": "sha1-nNL5jL+4iG6F8Fi+gizgHK4moWM=",
      "requires": {
        "jquery": "^1.11.0",
        "tui-code-snippet": "^1.2.5",
        "tui-time-picker": "^1.0.0"
      }
    },
    "tui-time-picker": {
      "version": "1.4.0",
      "resolved": "https://registry.npmjs.org/tui-time-picker/-/tui-time-picker-1.4.0.tgz",
      "integrity": "sha1-AodAJaX6VacNODLcKmDEW15i4AE=",
      "requires": {
        "jquery": "^1.11.0",
        "tui-code-snippet": "^1.3.0"
      }
    }
  }
}
